Microsoft Visual Studio Solution File, Format Version 12.00
# Visual Studio Version 17
VisualStudioVersion = 17.5.2.0
MinimumVisualStudioVersion = 10.0.40219.1
Project("{2150E333-8FDC-42A3-9474-1A3956D46DE8}") = "Server", "Server", "{DAD03CFC-D5FA-AC94-41C7-9ABAB326F09E}"
EndProject
Project("{FAE04EC0-301F-11D3-BF4B-00C04F79EFBC}") = "FinalProjectAuthAPI", "Server\FinalProjectAuthAPI.csproj", "{C98AC401-523E-587A-AE66-BBAE988882D5}"
EndProject
Global
	GlobalSection(SolutionConfigurationPlatforms) = preSolution
		Debug|Any CPU = Debug|Any CPU
		Release|Any CPU = Release|Any CPU
	EndGlobalSection
	GlobalSection(ProjectConfigurationPlatforms) = postSolution
		{C98AC401-523E-587A-AE66-BBAE988882D5}.Debug|Any CPU.ActiveCfg = Debug|Any CPU
		{C98AC401-523E-587A-AE66-BBAE988882D5}.Debug|Any CPU.Build.0 = Debug|Any CPU
		{C98AC401-523E-587A-AE66-BBAE988882D5}.Release|Any CPU.ActiveCfg = Release|Any CPU
		{C98AC401-523E-587A-AE66-BBAE988882D5}.Release|Any CPU.Build.0 = Release|Any CPU
	EndGlobalSection
	GlobalSection(SolutionProperties) = preSolution
		HideSolutionNode = FALSE
	EndGlobalSection
	GlobalSection(NestedProjects) = preSolution
		{C98AC401-523E-587A-AE66-BBAE988882D5} = {DAD03CFC-D5FA-AC94-41C7-9ABAB326F09E}
	EndGlobalSection
	GlobalSection(ExtensibilityGlobals) = postSolution
		SolutionGuid = {88AC88FF-CF48-4F5D-8865-BB1E4B1571A0}
	EndGlobalSection
EndGlobal
